
Microsoft Visual Studio Solution File, Format Version 12.00
# Visual Studio Version 17
VisualStudioVersion = 17.5.002.0
MinimumVisualStudioVersion = 10.0.40219.1
Project("{9A19103F-16F7-4668-BE54-9A1E7A4F7556}") = "ResearchDataBroker", "ResearchDataBroker\ResearchDataBroker.csproj", "{C7C553E9-A341-4119-9C7C-00F71EAD9F4C}"
EndProject
Project("{FAE04EC0-301F-11D3-BF4B-00C04F79EFBC}") = "ResearchDataBroker.Tests", "ResearchDataBroker.Tests\ResearchDataBroker.Tests.csproj", "{5E5CCBE9-FE32-4FFD-938C-2B198598D29A}"
EndProject
Global
	GlobalSection(SolutionConfigurationPlatforms) = preSolution
		Debug|Any CPU = Debug|Any CPU
		Release|Any CPU = Release|Any CPU
	EndGlobalSection
	GlobalSection(ProjectConfigurationPlatforms) = postSolution
		{C7C553E9-A341-4119-9C7C-00F71EAD9F4C}.Debug|Any CPU.ActiveCfg = Debug|Any CPU
		{C7C553E9-A341-4119-9C7C-00F71EAD9F4C}.Debug|Any CPU.Build.0 = Debug|Any CPU
		{C7C553E9-A341-4119-9C7C-00F71EAD9F4C}.Release|Any CPU.ActiveCfg = Release|Any CPU
		{C7C553E9-A341-4119-9C7C-00F71EAD9F4C}.Release|Any CPU.Build.0 = Release|Any CPU
		{5E5CCBE9-FE32-4FFD-938C-2B198598D29A}.Debug|Any CPU.ActiveCfg = Debug|Any CPU
		{5E5CCBE9-FE32-4FFD-938C-2B198598D29A}.Debug|Any CPU.Build.0 = Debug|Any CPU
		{5E5CCBE9-FE32-4FFD-938C-2B198598D29A}.Release|Any CPU.ActiveCfg = Release|Any CPU
		{5E5CCBE9-FE32-4FFD-938C-2B198598D29A}.Release|Any CPU.Build.0 = Release|Any CPU
	EndGlobalSection
	GlobalSection(SolutionProperties) = preSolution
		HideSolutionNode = FALSE
	EndGlobalSection
	GlobalSection(ExtensibilityGlobals) = postSolution
		SolutionGuid = {6AD32C2E-B04D-4394-AB5E-331C70969213}
	EndGlobalSection
EndGlobal
